
Microsoft Visual Studio Solution File, Format Version 12.00
# Visual Studio Version 17
VisualStudioVersion = 17.3.32929.385
MinimumVisualStudioVersion = 10.0.40219.1
Project("{9A19103F-16F7-4668-BE54-9A1E7A4F7556}") = "phoenix", "phoenix\phoenix.csproj", "{C8723C9C-AC4E-4FA7-A06C-F4F8FBB6C305}"
EndProject
Project("{9A19103F-16F7-4668-BE54-9A1E7A4F7556}") = "phoenix.domains", "phoenix.domains\phoenix.domains.csproj", "{E13FE9DF-98E7-4BB8-9B8A-85FED7EBA364}"
EndProject
Project("{2150E333-8FDC-42A3-9474-1A3956D46DE8}") = "Solution Items", "Solution Items", "{5CDAEF87-13B3-4A19-BBC9-477BAC8F4F1D}"
	ProjectSection(SolutionItems) = preProject
		architecture\Phoenix Social Media Service - Cloud.png = architecture\Phoenix Social Media Service - Cloud.png
		architecture\Phoenix Social Media Service.png = architecture\Phoenix Social Media Service.png
	EndProjectSection
EndProject
Global
	GlobalSection(SolutionConfigurationPlatforms) = preSolution
		Debug|Any CPU = Debug|Any CPU
		Release|Any CPU = Release|Any CPU
	EndGlobalSection
	GlobalSection(ProjectConfigurationPlatforms) = postSolution
		{C8723C9C-AC4E-4FA7-A06C-F4F8FBB6C305}.Debug|Any CPU.ActiveCfg = Debug|Any CPU
		{C8723C9C-AC4E-4FA7-A06C-F4F8FBB6C305}.Debug|Any CPU.Build.0 = Debug|Any CPU
		{C8723C9C-AC4E-4FA7-A06C-F4F8FBB6C305}.Release|Any CPU.ActiveCfg = Release|Any CPU
		{C8723C9C-AC4E-4FA7-A06C-F4F8FBB6C305}.Release|Any CPU.Build.0 = Release|Any CPU
		{E13FE9DF-98E7-4BB8-9B8A-85FED7EBA364}.Debug|Any CPU.ActiveCfg = Debug|Any CPU
		{E13FE9DF-98E7-4BB8-9B8A-85FED7EBA364}.Debug|Any CPU.Build.0 = Debug|Any CPU
		{E13FE9DF-98E7-4BB8-9B8A-85FED7EBA364}.Release|Any CPU.ActiveCfg = Release|Any CPU
		{E13FE9DF-98E7-4BB8-9B8A-85FED7EBA364}.Release|Any CPU.Build.0 = Release|Any CPU
	EndGlobalSection
	GlobalSection(SolutionProperties) = preSolution
		HideSolutionNode = FALSE
	EndGlobalSection
	GlobalSection(ExtensibilityGlobals) = postSolution
		SolutionGuid = {0FDFE754-491F-4FE9-BAD5-76EA3EB276F0}
	EndGlobalSection
EndGlobal
